
Microsoft Visual Studio Solution File, Format Version 12.00
# Visual Studio 14
VisualStudioVersion = 14.0.24720.0
MinimumVisualStudioVersion = 10.0.40219.1
Project("{FAE04EC0-301F-11D3-BF4B-00C04F79EFBC}") = "PhoenixSample.PCL", "PhoenixSample.PCL\PhoenixSample.PCL.csproj", "{ADD93408-FE72-4E5E-859E-01953F90FFB5}"
EndProject
Project("{FAE04EC0-301F-11D3-BF4B-00C04F79EFBC}") = "PhoenixSample.Windows", "PhoenixSample.Windows\PhoenixSample.Windows.csproj", "{60D59E1C-39E8-47B7-BFBE-53B284AD18EC}"
EndProject
Project("{2150E333-8FDC-42A3-9474-1A3956D46DE8}") = "Solution Items", "Solution Items", "{736FF31C-FEF8-419D-903D-6C0F4CF91D79}"
	ProjectSection(SolutionItems) = preProject
		nuget.config = nuget.config
	EndProjectSection
EndProject
Global
	GlobalSection(SolutionConfigurationPlatforms) = preSolution
		Debug|Any CPU = Debug|Any CPU
		Debug|x86 = Debug|x86
		Release|Any CPU = Release|Any CPU
		Release|x86 = Release|x86
	EndGlobalSection
	GlobalSection(ProjectConfigurationPlatforms) = postSolution
		{ADD93408-FE72-4E5E-859E-01953F90FFB5}.Debug|Any CPU.ActiveCfg = Debug|Any CPU
		{ADD93408-FE72-4E5E-859E-01953F90FFB5}.Debug|Any CPU.Build.0 = Debug|Any CPU
		{ADD93408-FE72-4E5E-859E-01953F90FFB5}.Debug|x86.ActiveCfg = Debug|Any CPU
		{ADD93408-FE72-4E5E-859E-01953F90FFB5}.Debug|x86.Build.0 = Debug|Any CPU
		{ADD93408-FE72-4E5E-859E-01953F90FFB5}.Release|Any CPU.ActiveCfg = Release|Any CPU
		{ADD93408-FE72-4E5E-859E-01953F90FFB5}.Release|Any CPU.Build.0 = Release|Any CPU
		{ADD93408-FE72-4E5E-859E-01953F90FFB5}.Release|x86.ActiveCfg = Release|Any CPU
		{ADD93408-FE72-4E5E-859E-01953F90FFB5}.Release|x86.Build.0 = Release|Any CPU
		{60D59E1C-39E8-47B7-BFBE-53B284AD18EC}.Debug|Any CPU.ActiveCfg = Debug|x86
		{60D59E1C-39E8-47B7-BFBE-53B284AD18EC}.Debug|Any CPU.Build.0 = Debug|x86
		{60D59E1C-39E8-47B7-BFBE-53B284AD18EC}.Debug|x86.ActiveCfg = Debug|x86
		{60D59E1C-39E8-47B7-BFBE-53B284AD18EC}.Debug|x86.Build.0 = Debug|x86
		{60D59E1C-39E8-47B7-BFBE-53B284AD18EC}.Release|Any CPU.ActiveCfg = Release|x86
		{60D59E1C-39E8-47B7-BFBE-53B284AD18EC}.Release|Any CPU.Build.0 = Release|x86
		{60D59E1C-39E8-47B7-BFBE-53B284AD18EC}.Release|x86.ActiveCfg = Release|x86
		{60D59E1C-39E8-47B7-BFBE-53B284AD18EC}.Release|x86.Build.0 = Release|x86
	EndGlobalSection
	GlobalSection(SolutionProperties) = preSolution
		HideSolutionNode = FALSE
	EndGlobalSection
EndGlobal
